
Microsoft Visual Studio Solution File, Format Version 12.00
# Visual Studio Version 17
VisualStudioVersion = 17.3.32825.248
MinimumVisualStudioVersion = 10.0.40219.1
Project("{FAE04EC0-301F-11D3-BF4B-00C04F79EFBC}") = "NETElectronicLearningTool", "NETElectronicLearningTool\NETElectronicLearningTool.csproj", "{4A55200E-BAFF-4B93-8250-9FA817A151AB}"
EndProject
Global
	GlobalSection(SolutionConfigurationPlatforms) = preSolution
		Debug|Any CPU = Debug|Any CPU
		Release|Any CPU = Release|Any CPU
	EndGlobalSection
	GlobalSection(ProjectConfigurationPlatforms) = postSolution
		{4A55200E-BAFF-4B93-8250-9FA817A151AB}.Debug|Any CPU.ActiveCfg = Debug|Any CPU
		{4A55200E-BAFF-4B93-8250-9FA817A151AB}.Debug|Any CPU.Build.0 = Debug|Any CPU
		{4A55200E-BAFF-4B93-8250-9FA817A151AB}.Release|Any CPU.ActiveCfg = Release|Any CPU
		{4A55200E-BAFF-4B93-8250-9FA817A151AB}.Release|Any CPU.Build.0 = Release|Any CPU
	EndGlobalSection
	GlobalSection(SolutionProperties) = preSolution
		HideSolutionNode = FALSE
	EndGlobalSection
	GlobalSection(ExtensibilityGlobals) = postSolution
		SolutionGuid = {6825DE63-5978-4E8F-A975-45D40CBCD4ED}
	EndGlobalSection
EndGlobal
